
Microsoft Visual Studio Solution File, Format Version 12.00
# Visual Studio 2012
Project("{FAE04EC0-301F-11D3-BF4B-00C04F79EFBC}") = "BrockAllen.MembershipReboot", "BrockAllen.MembershipReboot\BrockAllen.MembershipReboot.csproj", "{A33FE01F-AE9B-4BDE-B521-AB13916B1CFA}"
EndProject
Project("{FAE04EC0-301F-11D3-BF4B-00C04F79EFBC}") = "WebHost", "WebHost\WebHost.csproj", "{AA6283A3-9A1D-488D-979E-49D8E7813152}"
EndProject
Global
	GlobalSection(SolutionConfigurationPlatforms) = preSolution
		Debug|Any CPU = Debug|Any CPU
		Release|Any CPU = Release|Any CPU
	EndGlobalSection
	GlobalSection(ProjectConfigurationPlatforms) = postSolution
		{A33FE01F-AE9B-4BDE-B521-AB13916B1CFA}.Debug|Any CPU.ActiveCfg = Debug|Any CPU
		{A33FE01F-AE9B-4BDE-B521-AB13916B1CFA}.Debug|Any CPU.Build.0 = Debug|Any CPU
		{A33FE01F-AE9B-4BDE-B521-AB13916B1CFA}.Release|Any CPU.ActiveCfg = Release|Any CPU
		{A33FE01F-AE9B-4BDE-B521-AB13916B1CFA}.Release|Any CPU.Build.0 = Release|Any CPU
		{AA6283A3-9A1D-488D-979E-49D8E7813152}.Debug|Any CPU.ActiveCfg = Debug|Any CPU
		{AA6283A3-9A1D-488D-979E-49D8E7813152}.Debug|Any CPU.Build.0 = Debug|Any CPU
		{AA6283A3-9A1D-488D-979E-49D8E7813152}.Release|Any CPU.ActiveCfg = Release|Any CPU
		{AA6283A3-9A1D-488D-979E-49D8E7813152}.Release|Any CPU.Build.0 = Release|Any CPU
	EndGlobalSection
	GlobalSection(SolutionProperties) = preSolution
		HideSolutionNode = FALSE
	EndGlobalSection
EndGlobal
