
Microsoft Visual Studio Solution File, Format Version 12.00
# Visual Studio 2013
VisualStudioVersion = 12.0.21005.1
MinimumVisualStudioVersion = 10.0.40219.1
Project("{FAE04EC0-301F-11D3-BF4B-00C04F79EFBC}") = "NhibernateSample", "NhibernateSample\NhibernateSample.csproj", "{6EFCF363-5B19-49DE-847B-1D3B760E20F0}"
EndProject
Project("{FAE04EC0-301F-11D3-BF4B-00C04F79EFBC}") = "BrockAllen.MembershipReboot", "..\..\src\BrockAllen.MembershipReboot\BrockAllen.MembershipReboot.csproj", "{A33FE01F-AE9B-4BDE-B521-AB13916B1CFA}"
EndProject
Project("{FAE04EC0-301F-11D3-BF4B-00C04F79EFBC}") = "BrockAllen.MembershipReboot.Nh", "BrockAllen.MembershipReboot.Nh\BrockAllen.MembershipReboot.Nh.csproj", "{E53D1E50-194F-445F-9477-FCBC3E6DA824}"
EndProject
Project("{FAE04EC0-301F-11D3-BF4B-00C04F79EFBC}") = "BrockAllen.MembershipReboot.WebHost", "..\..\src\BrockAllen.MembershipReboot.WebHost\BrockAllen.MembershipReboot.WebHost.csproj", "{754AE1B9-11D0-4270-98C7-8DA69B150860}"
EndProject
Global
	GlobalSection(SolutionConfigurationPlatforms) = preSolution
		Debug|Any CPU = Debug|Any CPU
		Release|Any CPU = Release|Any CPU
	EndGlobalSection
	GlobalSection(ProjectConfigurationPlatforms) = postSolution
		{6EFCF363-5B19-49DE-847B-1D3B760E20F0}.Debug|Any CPU.ActiveCfg = Debug|Any CPU
		{6EFCF363-5B19-49DE-847B-1D3B760E20F0}.Debug|Any CPU.Build.0 = Debug|Any CPU
		{6EFCF363-5B19-49DE-847B-1D3B760E20F0}.Release|Any CPU.ActiveCfg = Release|Any CPU
		{6EFCF363-5B19-49DE-847B-1D3B760E20F0}.Release|Any CPU.Build.0 = Release|Any CPU
		{A33FE01F-AE9B-4BDE-B521-AB13916B1CFA}.Debug|Any CPU.ActiveCfg = Debug|Any CPU
		{A33FE01F-AE9B-4BDE-B521-AB13916B1CFA}.Debug|Any CPU.Build.0 = Debug|Any CPU
		{A33FE01F-AE9B-4BDE-B521-AB13916B1CFA}.Release|Any CPU.ActiveCfg = Release|Any CPU
		{A33FE01F-AE9B-4BDE-B521-AB13916B1CFA}.Release|Any CPU.Build.0 = Release|Any CPU
		{E53D1E50-194F-445F-9477-FCBC3E6DA824}.Debug|Any CPU.ActiveCfg = Debug|Any CPU
		{E53D1E50-194F-445F-9477-FCBC3E6DA824}.Debug|Any CPU.Build.0 = Debug|Any CPU
		{E53D1E50-194F-445F-9477-FCBC3E6DA824}.Release|Any CPU.ActiveCfg = Release|Any CPU
		{E53D1E50-194F-445F-9477-FCBC3E6DA824}.Release|Any CPU.Build.0 = Release|Any CPU
		{754AE1B9-11D0-4270-98C7-8DA69B150860}.Debug|Any CPU.ActiveCfg = Debug|Any CPU
		{754AE1B9-11D0-4270-98C7-8DA69B150860}.Debug|Any CPU.Build.0 = Debug|Any CPU
		{754AE1B9-11D0-4270-98C7-8DA69B150860}.Release|Any CPU.ActiveCfg = Release|Any CPU
		{754AE1B9-11D0-4270-98C7-8DA69B150860}.Release|Any CPU.Build.0 = Release|Any CPU
	EndGlobalSection
	GlobalSection(SolutionProperties) = preSolution
		HideSolutionNode = FALSE
	EndGlobalSection
EndGlobal
