
Microsoft Visual Studio Solution File, Format Version 12.00
# Visual Studio 2013
VisualStudioVersion = 12.0.21005.1
MinimumVisualStudioVersion = 10.0.40219.1
Project("{FAE04EC0-301F-11D3-BF4B-00C04F79EFBC}") = "OwinHostSample", "OwinHostSample\OwinHostSample.csproj", "{674F3B34-E8F7-4C86-92DB-4FA5223D46B0}"
EndProject
Project("{FAE04EC0-301F-11D3-BF4B-00C04F79EFBC}") = "BrockAllen.MembershipReboot.Owin", "..\..\src\BrockAllen.MembershipReboot.Owin\BrockAllen.MembershipReboot.Owin.csproj", "{FB9C17A4-1BAC-4C11-BBB0-8D67557073A0}"
EndProject
Project("{FAE04EC0-301F-11D3-BF4B-00C04F79EFBC}") = "BrockAllen.MembershipReboot", "..\..\src\BrockAllen.MembershipReboot\BrockAllen.MembershipReboot.csproj", "{A33FE01F-AE9B-4BDE-B521-AB13916B1CFA}"
EndProject
Project("{FAE04EC0-301F-11D3-BF4B-00C04F79EFBC}") = "BrockAllen.MembershipReboot.Ef", "..\..\src\BrockAllen.MembershipReboot.Ef\BrockAllen.MembershipReboot.Ef.csproj", "{453C8A9D-72AA-4F8D-9354-8B0F57F2B58A}"
EndProject
Global
	GlobalSection(SolutionConfigurationPlatforms) = preSolution
		Debug|Any CPU = Debug|Any CPU
		Release|Any CPU = Release|Any CPU
	EndGlobalSection
	GlobalSection(ProjectConfigurationPlatforms) = postSolution
		{674F3B34-E8F7-4C86-92DB-4FA5223D46B0}.Debug|Any CPU.ActiveCfg = Debug|Any CPU
		{674F3B34-E8F7-4C86-92DB-4FA5223D46B0}.Debug|Any CPU.Build.0 = Debug|Any CPU
		{674F3B34-E8F7-4C86-92DB-4FA5223D46B0}.Release|Any CPU.ActiveCfg = Release|Any CPU
		{674F3B34-E8F7-4C86-92DB-4FA5223D46B0}.Release|Any CPU.Build.0 = Release|Any CPU
		{FB9C17A4-1BAC-4C11-BBB0-8D67557073A0}.Debug|Any CPU.ActiveCfg = Debug|Any CPU
		{FB9C17A4-1BAC-4C11-BBB0-8D67557073A0}.Debug|Any CPU.Build.0 = Debug|Any CPU
		{FB9C17A4-1BAC-4C11-BBB0-8D67557073A0}.Release|Any CPU.ActiveCfg = Release|Any CPU
		{FB9C17A4-1BAC-4C11-BBB0-8D67557073A0}.Release|Any CPU.Build.0 = Release|Any CPU
		{A33FE01F-AE9B-4BDE-B521-AB13916B1CFA}.Debug|Any CPU.ActiveCfg = Debug|Any CPU
		{A33FE01F-AE9B-4BDE-B521-AB13916B1CFA}.Debug|Any CPU.Build.0 = Debug|Any CPU
		{A33FE01F-AE9B-4BDE-B521-AB13916B1CFA}.Release|Any CPU.ActiveCfg = Release|Any CPU
		{A33FE01F-AE9B-4BDE-B521-AB13916B1CFA}.Release|Any CPU.Build.0 = Release|Any CPU
		{453C8A9D-72AA-4F8D-9354-8B0F57F2B58A}.Debug|Any CPU.ActiveCfg = Debug|Any CPU
		{453C8A9D-72AA-4F8D-9354-8B0F57F2B58A}.Debug|Any CPU.Build.0 = Debug|Any CPU
		{453C8A9D-72AA-4F8D-9354-8B0F57F2B58A}.Release|Any CPU.ActiveCfg = Release|Any CPU
		{453C8A9D-72AA-4F8D-9354-8B0F57F2B58A}.Release|Any CPU.Build.0 = Release|Any CPU
	EndGlobalSection
	GlobalSection(SolutionProperties) = preSolution
		HideSolutionNode = FALSE
	EndGlobalSection
EndGlobal
